
Microsoft Visual Studio Solution File, Format Version 12.00
# Visual Studio Version 16
VisualStudioVersion = 16.0.30717.126
MinimumVisualStudioVersion = 10.0.40219.1
Project("{FAE04EC0-301F-11D3-BF4B-00C04F79EFBC}") = "SampleForPublish", "SampleForPublish\SampleForPublish.csproj", "{5A3AF921-BACB-47CC-A1AE-2B71D0B3182C}"
EndProject
Global
	GlobalSection(SolutionConfigurationPlatforms) = preSolution
		Debug|Any CPU = Debug|Any CPU
		Release|Any CPU = Release|Any CPU
	EndGlobalSection
	GlobalSection(ProjectConfigurationPlatforms) = postSolution
		{5A3AF921-BACB-47CC-A1AE-2B71D0B3182C}.Debug|Any CPU.ActiveCfg = Debug|Any CPU
		{5A3AF921-BACB-47CC-A1AE-2B71D0B3182C}.Debug|Any CPU.Build.0 = Debug|Any CPU
		{5A3AF921-BACB-47CC-A1AE-2B71D0B3182C}.Release|Any CPU.ActiveCfg = Release|Any CPU
		{5A3AF921-BACB-47CC-A1AE-2B71D0B3182C}.Release|Any CPU.Build.0 = Release|Any CPU
	EndGlobalSection
	GlobalSection(SolutionProperties) = preSolution
		HideSolutionNode = FALSE
	EndGlobalSection
	GlobalSection(ExtensibilityGlobals) = postSolution
		SolutionGuid = {F15E561B-36A6-4C97-B09E-F92F28E7EC7F}
	EndGlobalSection
EndGlobal
